// !$*UTF8*$!
{
	archiveVersion = 1;
	classes = {
	};
	objectVersion = 56;
	objects = {

/* Begin PBXBuildFile section */
		7D396BD92E17A51D00BC53E6 /* BouliApp.swift in Sources */ = {isa = PBXBuildFile; fileRef = 7D396BD82E17A51D00BC53E6 /* BouliApp.swift */; };
		7D396BDB2E17A51D00BC53E6 /* ContentView.swift in Sources */ = {isa = PBXBuildFile; fileRef = 7D396BDA2E17A51D00BC53E6 /* ContentView.swift */; };
		7D396BDD2E17A52100BC53E6 /* Assets.xcassets in Resources */ = {isa = PBXBuildFile; fileRef = 7D396BDC2E17A52100BC53E6 /* Assets.xcassets */; };
		7D396BE02E17A52100BC53E6 /* Preview Assets.xcassets in Resources */ = {isa = PBXBuildFile; fileRef = 7D396BDF2E17A52100BC53E6 /* Preview Assets.xcassets */; };
		7D396BEA2E17A52100BC53E6 /* BouliTests.swift in Sources */ = {isa = PBXBuildFile; fileRef = 7D396BE92E17A52100BC53E6 /* BouliTests.swift */; };
		7D396BF42E17A52200BC53E6 /* BouliUITests.swift in Sources */ = {isa = PBXBuildFile; fileRef = 7D396BF32E17A52200BC53E6 /* BouliUITests.swift */; };
		7D396BF62E17A52200BC53E6 /* BouliUITestsLaunchTests.swift in Sources */ = {isa = PBXBuildFile; fileRef = 7D396BF52E17A52200BC53E6 /* BouliUITestsLaunchTests.swift */; };
/* End PBXBuildFile section */

/* Begin PBXContainerItemProxy section */
		7D396BE62E17A52100BC53E6 /* PBXContainerItemProxy */ = {
			isa = PBXContainerItemProxy;
			containerPortal = 7D396BCD2E17A51D00BC53E6 /* Project object */;
			proxyType = 1;
			remoteGlobalIDString = 7D396BD42E17A51D00BC53E6;
			remoteInfo = Bouli;
		};
		7D396BF02E17A52200BC53E6 /* PBXContainerItemProxy */ = {
			isa = PBXContainerItemProxy;
			containerPortal = 7D396BCD2E17A51D00BC53E6 /* Project object */;
			proxyType = 1;
			remoteGlobalIDString = 7D396BD42E17A51D00BC53E6;
			remoteInfo = Bouli;
		};
/* End PBXContainerItemProxy section */

/* Begin PBXFileReference section */
		7D396BD52E17A51D00BC53E6 /* Bouli.app */ = {isa = PBXFileReference; explicitFileType = wrapper.application; includeInIndex = 0; path = Bouli.app; sourceTree = BUILT_PRODUCTS_DIR; };
		7D396BD82E17A51D00BC53E6 /* BouliApp.swift */ = {isa = PBXFileReference; lastKnownFileType = sourcecode.swift; path = BouliApp.swift; sourceTree = "<group>"; };
		7D396BDA2E17A51D00BC53E6 /* ContentView.swift */ = {isa = PBXFileReference; lastKnownFileType = sourcecode.swift; path = ContentView.swift; sourceTree = "<group>"; };
		7D396BDC2E17A52100BC53E6 /* Assets.xcassets */ = {isa = PBXFileReference; lastKnownFileType = folder.assetcatalog; path = Assets.xcassets; sourceTree = "<group>"; };
		7D396BDF2E17A52100BC53E6 /* Preview Assets.xcassets */ = {isa = PBXFileReference; lastKnownFileType = folder.assetcatalog; path = "Preview Assets.xcassets"; sourceTree = "<group>"; };
		7D396BE52E17A52100BC53E6 /* BouliTests.xctest */ = {isa = PBXFileReference; explicitFileType = wrapper.cfbundle; includeInIndex = 0; path = BouliTests.xctest; sourceTree = BUILT_PRODUCTS_DIR; };
		7D396BE92E17A52100BC53E6 /* BouliTests.swift */ = {isa = PBXFileReference; lastKnownFileType = sourcecode.swift; path = BouliTests.swift; sourceTree = "<group>"; };
		7D396BEF2E17A52200BC53E6 /* BouliUITests.xctest */ = {isa = PBXFileReference; explicitFileType = wrapper.cfbundle; includeInIndex = 0; path = BouliUITests.xctest; sourceTree = BUILT_PRODUCTS_DIR; };
		7D396BF32E17A52200BC53E6 /* BouliUITests.swift */ = {isa = PBXFileReference; lastKnownFileType = sourcecode.swift; path = BouliUITests.swift; sourceTree = "<group>"; };
		7D396BF52E17A52200BC53E6 /* BouliUITestsLaunchTests.swift */ = {isa = PBXFileReference; lastKnownFileType = sourcecode.swift; path = BouliUITestsLaunchTests.swift; sourceTree = "<group>"; };
/* End PBXFileReference section */

/* Begin PBXFrameworksBuildPhase section */
		7D396BD22E17A51D00BC53E6 /* Frameworks */ = {
			isa = PBXFrameworksBuildPhase;
			buildActionMask = 2147483647;
			files = (
			);
			runOnlyForDeploymentPostprocessing = 0;
		};
		7D396BE22E17A52100BC53E6 /* Frameworks */ = {
			isa = PBXFrameworksBuildPhase;
			buildActionMask = 2147483647;
			files = (
			);
			runOnlyForDeploymentPostprocessing = 0;
		};
		7D396BEC2E17A52200BC53E6 /* Frameworks */ = {
			isa = PBXFrameworksBuildPhase;
			buildActionMask = 2147483647;
			files = (
			);
			runOnlyForDeploymentPostprocessing = 0;
		};
/* End PBXFrameworksBuildPhase section */

/* Begin PBXGroup section */
		7D396BCC2E17A51D00BC53E6 = {
			isa = PBXGroup;
			children = (
				7D396BD72E17A51D00BC53E6 /* Bouli */,
				7D396BE82E17A52100BC53E6 /* BouliTests */,
				7D396BF22E17A52200BC53E6 /* BouliUITests */,
				7D396BD62E17A51D00BC53E6 /* Products */,
			);
			sourceTree = "<group>";
		};
		7D396BD62E17A51D00BC53E6 /* Products */ = {
			isa = PBXGroup;
			children = (
				7D396BD52E17A51D00BC53E6 /* Bouli.app */,
				7D396BE52E17A52100BC53E6 /* BouliTests.xctest */,
				7D396BEF2E17A52200BC53E6 /* BouliUITests.xctest */,
			);
			name = Products;
			sourceTree = "<group>";
		};
		7D396BD72E17A51D00BC53E6 /* Bouli */ = {
			isa = PBXGroup;
			children = (
				7D396BD82E17A51D00BC53E6 /* BouliApp.swift */,
				7D396BDA2E17A51D00BC53E6 /* ContentView.swift */,
				7D396BDC2E17A52100BC53E6 /* Assets.xcassets */,
				7D396BDE2E17A52100BC53E6 /* Preview Content */,
			);
			path = Bouli;
			sourceTree = "<group>";
		};
		7D396BDE2E17A52100BC53E6 /* Preview Content */ = {
			isa = PBXGroup;
			children = (
				7D396BDF2E17A52100BC53E6 /* Preview Assets.xcassets */,
			);
			path = "Preview Content";
			sourceTree = "<group>";
		};
		7D396BE82E17A52100BC53E6 /* BouliTests */ = {
			isa = PBXGroup;
			children = (
				7D396BE92E17A52100BC53E6 /* BouliTests.swift */,
			);
			path = BouliTests;
			sourceTree = "<group>";
		};
		7D396BF22E17A52200BC53E6 /* BouliUITests */ = {
			isa = PBXGroup;
			children = (
				7D396BF32E17A52200BC53E6 /* BouliUITests.swift */,
				7D396BF52E17A52200BC53E6 /* BouliUITestsLaunchTests.swift */,
			);
			path = BouliUITests;
			sourceTree = "<group>";
		};
/* End PBXGroup section */

/* Begin PBXNativeTarget section */
		7D396BD42E17A51D00BC53E6 /* Bouli */ = {
			isa = PBXNativeTarget;
			buildConfigurationList = 7D396BF92E17A52200BC53E6 /* Build configuration list for PBXNativeTarget "Bouli" */;
			buildPhases = (
				7D396BD12E17A51D00BC53E6 /* Sources */,
				7D396BD22E17A51D00BC53E6 /* Frameworks */,
				7D396BD32E17A51D00BC53E6 /* Resources */,
			);
			buildRules = (
			);
			dependencies = (
			);
			name = Bouli;
			productName = Bouli;
			productReference = 7D396BD52E17A51D00BC53E6 /* Bouli.app */;
			productType = "com.apple.product-type.application";
		};
		7D396BE42E17A52100BC53E6 /* BouliTests */ = {
			isa = PBXNativeTarget;
			buildConfigurationList = 7D396BFC2E17A52200BC53E6 /* Build configuration list for PBXNativeTarget "BouliTests" */;
			buildPhases = (
				7D396BE12E17A52100BC53E6 /* Sources */,
				7D396BE22E17A52100BC53E6 /* Frameworks */,
				7D396BE32E17A52100BC53E6 /* Resources */,
			);
			buildRules = (
			);
			dependencies = (
				7D396BE72E17A52100BC53E6 /* PBXTargetDependency */,
			);
			name = BouliTests;
			productName = BouliTests;
			productReference = 7D396BE52E17A52100BC53E6 /* BouliTests.xctest */;
			productType = "com.apple.product-type.bundle.unit-test";
		};
		7D396BEE2E17A52200BC53E6 /* BouliUITests */ = {
			isa = PBXNativeTarget;
			buildConfigurationList = 7D396BFF2E17A52200BC53E6 /* Build configuration list for PBXNativeTarget "BouliUITests" */;
			buildPhases = (
				7D396BEB2E17A52200BC53E6 /* Sources */,
				7D396BEC2E17A52200BC53E6 /* Frameworks */,
				7D396BED2E17A52200BC53E6 /* Resources */,
			);
			buildRules = (
			);
			dependencies = (
				7D396BF12E17A52200BC53E6 /* PBXTargetDependency */,
			);
			name = BouliUITests;
			productName = BouliUITests;
			productReference = 7D396BEF2E17A52200BC53E6 /* BouliUITests.xctest */;
			productType = "com.apple.product-type.bundle.ui-testing";
		};
/* End PBXNativeTarget section */

/* Begin PBXProject section */
		7D396BCD2E17A51D00BC53E6 /* Project object */ = {
			isa = PBXProject;
			attributes = {
				BuildIndependentTargetsInParallel = 1;
				LastSwiftUpdateCheck = 1540;
				LastUpgradeCheck = 1540;
				TargetAttributes = {
					7D396BD42E17A51D00BC53E6 = {
						CreatedOnToolsVersion = 15.4;
					};
					7D396BE42E17A52100BC53E6 = {
						CreatedOnToolsVersion = 15.4;
						TestTargetID = 7D396BD42E17A51D00BC53E6;
					};
					7D396BEE2E17A52200BC53E6 = {
						CreatedOnToolsVersion = 15.4;
						TestTargetID = 7D396BD42E17A51D00BC53E6;
					};
				};
			};
			buildConfigurationList = 7D396BD02E17A51D00BC53E6 /* Build configuration list for PBXProject "Bouli" */;
			compatibilityVersion = "Xcode 14.0";
			developmentRegion = en;
			hasScannedForEncodings = 0;
			knownRegions = (
				en,
				Base,
			);
			mainGroup = 7D396BCC2E17A51D00BC53E6;
			productRefGroup = 7D396BD62E17A51D00BC53E6 /* Products */;
			projectDirPath = "";
			projectRoot = "";
			targets = (
				7D396BD42E17A51D00BC53E6 /* Bouli */,
				7D396BE42E17A52100BC53E6 /* BouliTests */,
				7D396BEE2E17A52200BC53E6 /* BouliUITests */,
			);
		};
/* End PBXProject section */

/* Begin PBXResourcesBuildPhase section */
		7D396BD32E17A51D00BC53E6 /* Resources */ = {
			isa = PBXResourcesBuildPhase;
			buildActionMask = 2147483647;
			files = (
				7D396BE02E17A52100BC53E6 /* Preview Assets.xcassets in Resources */,
				7D396BDD2E17A52100BC53E6 /* Assets.xcassets in Resources */,
			);
			runOnlyForDeploymentPostprocessing = 0;
		};
		7D396BE32E17A52100BC53E6 /* Resources */ = {
			isa = PBXResourcesBuildPhase;
			buildActionMask = 2147483647;
			files = (
			);
			runOnlyForDeploymentPostprocessing = 0;
		};
		7D396BED2E17A52200BC53E6 /* Resources */ = {
			isa = PBXResourcesBuildPhase;
			buildActionMask = 2147483647;
			files = (
			);
			runOnlyForDeploymentPostprocessing = 0;
		};
/* End PBXResourcesBuildPhase section */

/* Begin PBXSourcesBuildPhase section */
		7D396BD12E17A51D00BC53E6 /* Sources */ = {
			isa = PBXSourcesBuildPhase;
			buildActionMask = 2147483647;
			files = (
				7D396BDB2E17A51D00BC53E6 /* ContentView.swift in Sources */,
				7D396BD92E17A51D00BC53E6 /* BouliApp.swift in Sources */,
			);
			runOnlyForDeploymentPostprocessing = 0;
		};
		7D396BE12E17A52100BC53E6 /* Sources */ = {
			isa = PBXSourcesBuildPhase;
			buildActionMask = 2147483647;
			files = (
				7D396BEA2E17A52100BC53E6 /* BouliTests.swift in Sources */,
			);
			runOnlyForDeploymentPostprocessing = 0;
		};
		7D396BEB2E17A52200BC53E6 /* Sources */ = {
			isa = PBXSourcesBuildPhase;
			buildActionMask = 2147483647;
			files = (
				7D396BF62E17A52200BC53E6 /* BouliUITestsLaunchTests.swift in Sources */,
				7D396BF42E17A52200BC53E6 /* BouliUITests.swift in Sources */,
			);
			runOnlyForDeploymentPostprocessing = 0;
		};
/* End PBXSourcesBuildPhase section */

/* Begin PBXTargetDependency section */
		7D396BE72E17A52100BC53E6 /* PBXTargetDependency */ = {
			isa = PBXTargetDependency;
			target = 7D396BD42E17A51D00BC53E6 /* Bouli */;
			targetProxy = 7D396BE62E17A52100BC53E6 /* PBXContainerItemProxy */;
		};
		7D396BF12E17A52200BC53E6 /* PBXTargetDependency */ = {
			isa = PBXTargetDependency;
			target = 7D396BD42E17A51D00BC53E6 /* Bouli */;
			targetProxy = 7D396BF02E17A52200BC53E6 /* PBXContainerItemProxy */;
		};
/* End PBXTargetDependency section */

/* Begin XCBuildConfiguration section */
		7D396BF72E17A52200BC53E6 /* Debug */ = {
			isa = XCBuildConfiguration;
			buildSettings = {
				ALWAYS_SEARCH_USER_PATHS = NO;
				ASSETCATALOG_COMPILER_GENERATE_SWIFT_ASSET_SYMBOL_EXTENSIONS = YES;
				CLANG_ANALYZER_NONNULL = YES;
				CLANG_ANALYZER_NUMBER_OBJECT_CONVERSION = YES_AGGRESSIVE;
				CLANG_CXX_LANGUAGE_STANDARD = "gnu++20";
				CLANG_ENABLE_MODULES = YES;
				CLANG_ENABLE_OBJC_ARC = YES;
				CLANG_ENABLE_OBJC_WEAK = YES;
				CLANG_WARN_BLOCK_CAPTURE_AUTORELEASING = YES;
				CLANG_WARN_BOOL_CONVERSION = YES;
				CLANG_WARN_COMMA = YES;
				CLANG_WARN_CONSTANT_CONVERSION = YES;
				CLANG_WARN_DEPRECATED_OBJC_IMPLEMENTATIONS = YES;
				CLANG_WARN_DIRECT_OBJC_ISA_USAGE = YES_ERROR;
				CLANG_WARN_DOCUMENTATION_COMMENTS = YES;
				CLANG_WARN_EMPTY_BODY = YES;
				CLANG_WARN_ENUM_CONVERSION = YES;
				CLANG_WARN_INFINITE_RECURSION = YES;
				CLANG_WARN_INT_CONVERSION = YES;
				CLANG_WARN_NON_LITERAL_NULL_CONVERSION = YES;
				CLANG_WARN_OBJC_IMPLICIT_RETAIN_SELF = YES;
				CLANG_WARN_OBJC_LITERAL_CONVERSION = YES;
				CLANG_WARN_OBJC_ROOT_CLASS = YES_ERROR;
				CLANG_WARN_QUOTED_INCLUDE_IN_FRAMEWORK_HEADER = YES;
				CLANG_WARN_RANGE_LOOP_ANALYSIS = YES;
				CLANG_WARN_STRICT_PROTOTYPES = YES;
				CLANG_WARN_SUSPICIOUS_MOVE = YES;
				CLANG_WARN_UNGUARDED_AVAILABILITY = YES_AGGRESSIVE;
				CLANG_WARN_UNREACHABLE_CODE = YES;
				CLANG_WARN__DUPLICATE_METHOD_MATCH = YES;
				COPY_PHASE_STRIP = NO;
				DEBUG_INFORMATION_FORMAT = dwarf;
				ENABLE_STRICT_OBJC_MSGSEND = YES;
				ENABLE_TESTABILITY = YES;
				ENABLE_USER_SCRIPT_SANDBOXING = YES;
				GCC_C_LANGUAGE_STANDARD = gnu17;
				GCC_DYNAMIC_NO_PIC = NO;
				GCC_NO_COMMON_BLOCKS = YES;
				GCC_OPTIMIZATION_LEVEL = 0;
				GCC_PREPROCESSOR_DEFINITIONS = (
					"DEBUG=1",
					"$(inherited)",
				);
				GCC_WARN_64_TO_32_BIT_CONVERSION = YES;
				GCC_WARN_ABOUT_RETURN_TYPE = YES_ERROR;
				GCC_WARN_UNDECLARED_SELECTOR = YES;
				GCC_WARN_UNINITIALIZED_AUTOS = YES_AGGRESSIVE;
				GCC_WARN_UNUSED_FUNCTION = YES;
				GCC_WARN_UNUSED_VARIABLE = YES;
				IPHONEOS_DEPLOYMENT_TARGET = 17.5;
				LOCALIZATION_PREFERS_STRING_CATALOGS = YES;
				MTL_ENABLE_DEBUG_INFO = INCLUDE_SOURCE;
				MTL_FAST_MATH = YES;
				ONLY_ACTIVE_ARCH = YES;
				SDKROOT = iphoneos;
				SWIFT_ACTIVE_COMPILATION_CONDITIONS = "DEBUG $(inherited)";
				SWIFT_OPTIMIZATION_LEVEL = "-Onone";
			};
			name = Debug;
		};
		7D396BF82E17A52200BC53E6 /* Release */ = {
			isa = XCBuildConfiguration;
			buildSettings = {
				ALWAYS_SEARCH_USER_PATHS = NO;
				ASSETCATALOG_COMPILER_GENERATE_SWIFT_ASSET_SYMBOL_EXTENSIONS = YES;
				CLANG_ANALYZER_NONNULL = YES;
				CLANG_ANALYZER_NUMBER_OBJECT_CONVERSION = YES_AGGRESSIVE;
				CLANG_CXX_LANGUAGE_STANDARD = "gnu++20";
				CLANG_ENABLE_MODULES = YES;
				CLANG_ENABLE_OBJC_ARC = YES;
				CLANG_ENABLE_OBJC_WEAK = YES;
				CLANG_WARN_BLOCK_CAPTURE_AUTORELEASING = YES;
				CLANG_WARN_BOOL_CONVERSION = YES;
				CLANG_WARN_COMMA = YES;
				CLANG_WARN_CONSTANT_CONVERSION = YES;
				CLANG_WARN_DEPRECATED_OBJC_IMPLEMENTATIONS = YES;
				CLANG_WARN_DIRECT_OBJC_ISA_USAGE = YES_ERROR;
				CLANG_WARN_DOCUMENTATION_COMMENTS = YES;
				CLANG_WARN_EMPTY_BODY = YES;
				CLANG_WARN_ENUM_CONVERSION = YES;
				CLANG_WARN_INFINITE_RECURSION = YES;
				CLANG_WARN_INT_CONVERSION = YES;
				CLANG_WARN_NON_LITERAL_NULL_CONVERSION = YES;
				CLANG_WARN_OBJC_IMPLICIT_RETAIN_SELF = YES;
				CLANG_WARN_OBJC_LITERAL_CONVERSION = YES;
				CLANG_WARN_OBJC_ROOT_CLASS = YES_ERROR;
				CLANG_WARN_QUOTED_INCLUDE_IN_FRAMEWORK_HEADER = YES;
				CLANG_WARN_RANGE_LOOP_ANALYSIS = YES;
				CLANG_WARN_STRICT_PROTOTYPES = YES;
				CLANG_WARN_SUSPICIOUS_MOVE = YES;
				CLANG_WARN_UNGUARDED_AVAILABILITY = YES_AGGRESSIVE;
				CLANG_WARN_UNREACHABLE_CODE = YES;
				CLANG_WARN__DUPLICATE_METHOD_MATCH = YES;
				COPY_PHASE_STRIP = NO;
				DEBUG_INFORMATION_FORMAT = "dwarf-with-dsym";
				ENABLE_NS_ASSERTIONS = NO;
				ENABLE_STRICT_OBJC_MSGSEND = YES;
				ENABLE_USER_SCRIPT_SANDBOXING = YES;
				GCC_C_LANGUAGE_STANDARD = gnu17;
				GCC_NO_COMMON_BLOCKS = YES;
				GCC_WARN_64_TO_32_BIT_CONVERSION = YES;
				GCC_WARN_ABOUT_RETURN_TYPE = YES_ERROR;
				GCC_WARN_UNDECLARED_SELECTOR = YES;
				GCC_WARN_UNINITIALIZED_AUTOS = YES_AGGRESSIVE;
				GCC_WARN_UNUSED_FUNCTION = YES;
				GCC_WARN_UNUSED_VARIABLE = YES;
				IPHONEOS_DEPLOYMENT_TARGET = 17.5;
				LOCALIZATION_PREFERS_STRING_CATALOGS = YES;
				MTL_ENABLE_DEBUG_INFO = NO;
				MTL_FAST_MATH = YES;
				SDKROOT = iphoneos;
				SWIFT_COMPILATION_MODE = wholemodule;
				VALIDATE_PRODUCT = YES;
			};
			name = Release;
		};
		7D396BFA2E17A52200BC53E6 /* Debug */ = {
			isa = XCBuildConfiguration;
			buildSettings = {
				ASSETCATALOG_COMPILER_APPICON_NAME = AppIcon;
				ASSETCATALOG_COMPILER_GLOBAL_ACCENT_COLOR_NAME = AccentColor;
				CODE_SIGN_STYLE = Automatic;
				CURRENT_PROJECT_VERSION = 1;
				DEVELOPMENT_ASSET_PATHS = "\"Bouli/Preview Content\"";
				DEVELOPMENT_TEAM = 8C7KE3YJ9J;
				ENABLE_PREVIEWS = YES;
				GENERATE_INFOPLIST_FILE = YES;
				INFOPLIST_KEY_UIApplicationSceneManifest_Generation = YES;
				INFOPLIST_KEY_UIApplicationSupportsIndirectInputEvents = YES;
				INFOPLIST_KEY_UILaunchScreen_Generation = YES;
				INFOPLIST_KEY_UISupportedInterfaceOrientations_iPad = "UIInterfaceOrientationPortrait UIInterfaceOrientationPortraitUpsideDown UIInterfaceOrientationLandscapeLeft UIInterfaceOrientationLandscapeRight";
				INFOPLIST_KEY_UISupportedInterfaceOrientations_iPhone = "UIInterfaceOrientationPortrait UIInterfaceOrientationLandscapeLeft UIInterfaceOrientationLandscapeRight";
				LD_RUNPATH_SEARCH_PATHS = (
					"$(inherited)",
					"@executable_path/Frameworks",
				);
				MARKETING_VERSION = 1.0;
				PRODUCT_BUNDLE_IDENTIFIER = "Seaborn-Surfers.Bouli";
				PRODUCT_NAME = "$(TARGET_NAME)";
				SWIFT_EMIT_LOC_STRINGS = YES;
				SWIFT_VERSION = 5.0;
				TARGETED_DEVICE_FAMILY = "1,2";
			};
			name = Debug;
		};
		7D396BFB2E17A52200BC53E6 /* Release */ = {
			isa = XCBuildConfiguration;
			buildSettings = {
				ASSETCATALOG_COMPILER_APPICON_NAME = AppIcon;
				ASSETCATALOG_COMPILER_GLOBAL_ACCENT_COLOR_NAME = AccentColor;
				CODE_SIGN_STYLE = Automatic;
				CURRENT_PROJECT_VERSION = 1;
				DEVELOPMENT_ASSET_PATHS = "\"Bouli/Preview Content\"";
				DEVELOPMENT_TEAM = 8C7KE3YJ9J;
				ENABLE_PREVIEWS = YES;
				GENERATE_INFOPLIST_FILE = YES;
				INFOPLIST_KEY_UIApplicationSceneManifest_Generation = YES;
				INFOPLIST_KEY_UIApplicationSupportsIndirectInputEvents = YES;
				INFOPLIST_KEY_UILaunchScreen_Generation = YES;
				INFOPLIST_KEY_UISupportedInterfaceOrientations_iPad = "UIInterfaceOrientationPortrait UIInterfaceOrientationPortraitUpsideDown UIInterfaceOrientationLandscapeLeft UIInterfaceOrientationLandscapeRight";
				INFOPLIST_KEY_UISupportedInterfaceOrientations_iPhone = "UIInterfaceOrientationPortrait UIInterfaceOrientationLandscapeLeft UIInterfaceOrientationLandscapeRight";
				LD_RUNPATH_SEARCH_PATHS = (
					"$(inherited)",
					"@executable_path/Frameworks",
				);
				MARKETING_VERSION = 1.0;
				PRODUCT_BUNDLE_IDENTIFIER = "Seaborn-Surfers.Bouli";
				PRODUCT_NAME = "$(TARGET_NAME)";
				SWIFT_EMIT_LOC_STRINGS = YES;
				SWIFT_VERSION = 5.0;
				TARGETED_DEVICE_FAMILY = "1,2";
			};
			name = Release;
		};
		7D396BFD2E17A52200BC53E6 /* Debug */ = {
			isa = XCBuildConfiguration;
			buildSettings = {
				ALWAYS_EMBED_SWIFT_STANDARD_LIBRARIES = YES;
				BUNDLE_LOADER = "$(TEST_HOST)";
				CODE_SIGN_STYLE = Automatic;
				CURRENT_PROJECT_VERSION = 1;
				DEVELOPMENT_TEAM = 8C7KE3YJ9J;
				GENERATE_INFOPLIST_FILE = YES;
				IPHONEOS_DEPLOYMENT_TARGET = 17.5;
				MARKETING_VERSION = 1.0;
				PRODUCT_BUNDLE_IDENTIFIER = "Seaborn-Surfers.BouliTests";
				PRODUCT_NAME = "$(TARGET_NAME)";
				SWIFT_EMIT_LOC_STRINGS = NO;
				SWIFT_VERSION = 5.0;
				TARGETED_DEVICE_FAMILY = "1,2";
				TEST_HOST = "$(BUILT_PRODUCTS_DIR)/Bouli.app/$(BUNDLE_EXECUTABLE_FOLDER_PATH)/Bouli";
			};
			name = Debug;
		};
		7D396BFE2E17A52200BC53E6 /* Release */ = {
			isa = XCBuildConfiguration;
			buildSettings = {
				ALWAYS_EMBED_SWIFT_STANDARD_LIBRARIES = YES;
				BUNDLE_LOADER = "$(TEST_HOST)";
				CODE_SIGN_STYLE = Automatic;
				CURRENT_PROJECT_VERSION = 1;
				DEVELOPMENT_TEAM = 8C7KE3YJ9J;
				GENERATE_INFOPLIST_FILE = YES;
				IPHONEOS_DEPLOYMENT_TARGET = 17.5;
				MARKETING_VERSION = 1.0;
				PRODUCT_BUNDLE_IDENTIFIER = "Seaborn-Surfers.BouliTests";
				PRODUCT_NAME = "$(TARGET_NAME)";
				SWIFT_EMIT_LOC_STRINGS = NO;
				SWIFT_VERSION = 5.0;
				TARGETED_DEVICE_FAMILY = "1,2";
				TEST_HOST = "$(BUILT_PRODUCTS_DIR)/Bouli.app/$(BUNDLE_EXECUTABLE_FOLDER_PATH)/Bouli";
			};
			name = Release;
		};
		7D396C002E17A52200BC53E6 /* Debug */ = {
			isa = XCBuildConfiguration;
			buildSettings = {
				ALWAYS_EMBED_SWIFT_STANDARD_LIBRARIES = YES;
				CODE_SIGN_STYLE = Automatic;
				CURRENT_PROJECT_VERSION = 1;
				DEVELOPMENT_TEAM = 8C7KE3YJ9J;
				GENERATE_INFOPLIST_FILE = YES;
				MARKETING_VERSION = 1.0;
				PRODUCT_BUNDLE_IDENTIFIER = "Seaborn-Surfers.BouliUITests";
				PRODUCT_NAME = "$(TARGET_NAME)";
				SWIFT_EMIT_LOC_STRINGS = NO;
				SWIFT_VERSION = 5.0;
				TARGETED_DEVICE_FAMILY = "1,2";
				TEST_TARGET_NAME = Bouli;
			};
			name = Debug;
		};
		7D396C012E17A52200BC53E6 /* Release */ = {
			isa = XCBuildConfiguration;
			buildSettings = {
				ALWAYS_EMBED_SWIFT_STANDARD_LIBRARIES = YES;
				CODE_SIGN_STYLE = Automatic;
				CURRENT_PROJECT_VERSION = 1;
				DEVELOPMENT_TEAM = 8C7KE3YJ9J;
				GENERATE_INFOPLIST_FILE = YES;
				MARKETING_VERSION = 1.0;
				PRODUCT_BUNDLE_IDENTIFIER = "Seaborn-Surfers.BouliUITests";
				PRODUCT_NAME = "$(TARGET_NAME)";
				SWIFT_EMIT_LOC_STRINGS = NO;
				SWIFT_VERSION = 5.0;
				TARGETED_DEVICE_FAMILY = "1,2";
				TEST_TARGET_NAME = Bouli;
			};
			name = Release;
		};
/* End XCBuildConfiguration section */

/* Begin XCConfigurationList section */
		7D396BD02E17A51D00BC53E6 /* Build configuration list for PBXProject "Bouli" */ = {
			isa = XCConfigurationList;
			buildConfigurations = (
				7D396BF72E17A52200BC53E6 /* Debug */,
				7D396BF82E17A52200BC53E6 /* Release */,
			);
			defaultConfigurationIsVisible = 0;
			defaultConfigurationName = Release;
		};
		7D396BF92E17A52200BC53E6 /* Build configuration list for PBXNativeTarget "Bouli" */ = {
			isa = XCConfigurationList;
			buildConfigurations = (
				7D396BFA2E17A52200BC53E6 /* Debug */,
				7D396BFB2E17A52200BC53E6 /* Release */,
			);
			defaultConfigurationIsVisible = 0;
			defaultConfigurationName = Release;
		};
		7D396BFC2E17A52200BC53E6 /* Build configuration list for PBXNativeTarget "BouliTests" */ = {
			isa = XCConfigurationList;
			buildConfigurations = (
				7D396BFD2E17A52200BC53E6 /* Debug */,
				7D396BFE2E17A52200BC53E6 /* Release */,
			);
			defaultConfigurationIsVisible = 0;
			defaultConfigurationName = Release;
		};
		7D396BFF2E17A52200BC53E6 /* Build configuration list for PBXNativeTarget "BouliUITests" */ = {
			isa = XCConfigurationList;
			buildConfigurations = (
				7D396C002E17A52200BC53E6 /* Debug */,
				7D396C012E17A52200BC53E6 /* Release */,
			);
			defaultConfigurationIsVisible = 0;
			defaultConfigurationName = Release;
		};
/* End XCConfigurationList section */
	};
	rootObject = 7D396BCD2E17A51D00BC53E6 /* Project object */;
}
